
Microsoft Visual Studio Solution File, Format Version 12.00
# Visual Studio Version 17
VisualStudioVersion = 17.14.36212.18
MinimumVisualStudioVersion = 10.0.40219.1
Project("{FAE04EC0-301F-11D3-BF4B-00C04F79EFBC}") = "CRM", "CRM\CRM.csproj", "{F56C4D50-2167-44F3-BCE3-D2F130602407}"
EndProject
Global
	GlobalSection(SolutionConfigurationPlatforms) = preSolution
		Debug|Any CPU = Debug|Any CPU
		Release|Any CPU = Release|Any CPU
	EndGlobalSection
	GlobalSection(ProjectConfigurationPlatforms) = postSolution
		{F56C4D50-2167-44F3-BCE3-D2F130602407}.Debug|Any CPU.ActiveCfg = Debug|Any CPU
		{F56C4D50-2167-44F3-BCE3-D2F130602407}.Debug|Any CPU.Build.0 = Debug|Any CPU
		{F56C4D50-2167-44F3-BCE3-D2F130602407}.Release|Any CPU.ActiveCfg = Release|Any CPU
		{F56C4D50-2167-44F3-BCE3-D2F130602407}.Release|Any CPU.Build.0 = Release|Any CPU
	EndGlobalSection
	GlobalSection(SolutionProperties) = preSolution
		HideSolutionNode = FALSE
	EndGlobalSection
	GlobalSection(ExtensibilityGlobals) = postSolution
		SolutionGuid = {2ED34672-4F1C-4917-A48D-6D9A0AC7EC72}
	EndGlobalSection
EndGlobal
