Microsoft Visual Studio Solution File, Format Version 12.00
# Visual Studio Version 17
VisualStudioVersion = 17.5.2.0
MinimumVisualStudioVersion = 10.0.40219.1
Project("{FAE04EC0-301F-11D3-BF4B-00C04F79EFBC}") = "CRM", "CRM.csproj", "{A1450023-DA45-BB5F-687D-DB6F17A724F6}"
EndProject
Global
	GlobalSection(SolutionConfigurationPlatforms) = preSolution
		Debug|Any CPU = Debug|Any CPU
		Release|Any CPU = Release|Any CPU
	EndGlobalSection
	GlobalSection(ProjectConfigurationPlatforms) = postSolution
		{A1450023-DA45-BB5F-687D-DB6F17A724F6}.Debug|Any CPU.ActiveCfg = Debug|Any CPU
		{A1450023-DA45-BB5F-687D-DB6F17A724F6}.Debug|Any CPU.Build.0 = Debug|Any CPU
		{A1450023-DA45-BB5F-687D-DB6F17A724F6}.Release|Any CPU.ActiveCfg = Release|Any CPU
		{A1450023-DA45-BB5F-687D-DB6F17A724F6}.Release|Any CPU.Build.0 = Release|Any CPU
	EndGlobalSection
	GlobalSection(SolutionProperties) = preSolution
		HideSolutionNode = FALSE
	EndGlobalSection
	GlobalSection(ExtensibilityGlobals) = postSolution
		SolutionGuid = {3B1F3065-23F5-483E-BC02-76CD0CE3FA00}
	EndGlobalSection
EndGlobal
